
Microsoft Visual Studio Solution File, Format Version 12.00
# Visual Studio Version 17
VisualStudioVersion = 17.0.31903.59
MinimumVisualStudioVersion = 10.0.40219.1
Project("{2150E333-8FDC-42A3-9474-1A3956D46DE8}") = "src", "src", "{378B6633-003C-4424-B0A8-680C3A579CF0}"
EndProject
Project("{FAE04EC0-301F-11D3-BF4B-00C04F79EFBC}") = "Library", "src\Library\Library.csproj", "{AB41ACBF-B02C-4F25-884A-90EDE7052BA0}"
EndProject
Project("{FAE04EC0-301F-11D3-BF4B-00C04F79EFBC}") = "Terminal", "src\Terminal\Terminal.csproj", "{7947D67A-A5E8-4BCF-A292-B90DCEE02346}"
EndProject
Project("{2150E333-8FDC-42A3-9474-1A3956D46DE8}") = "tests", "tests", "{84BCB816-4480-4B6B-99ED-B28E5B40DB97}"
EndProject
Project("{FAE04EC0-301F-11D3-BF4B-00C04F79EFBC}") = "LibraryTests", "tests\LibraryTests\LibraryTests.csproj", "{C983877A-56E5-459D-BBF8-DF75C25BA2C1}"
EndProject
Project("{FAE04EC0-301F-11D3-BF4B-00C04F79EFBC}") = "TerminalTests", "tests\TerminalTests\TerminalTests.csproj", "{D13BE3E4-EDC5-449F-8EB2-012B15555307}"
EndProject
Project("{FAE04EC0-301F-11D3-BF4B-00C04F79EFBC}") = "Build", "src\Build\Build.csproj", "{F6F3AE11-AEB0-4718-A414-E4BDC2CE79B6}"
EndProject
Global
	GlobalSection(SolutionConfigurationPlatforms) = preSolution
		Debug|Any CPU = Debug|Any CPU
		Release|Any CPU = Release|Any CPU
	EndGlobalSection
	GlobalSection(SolutionProperties) = preSolution
		HideSolutionNode = FALSE
	EndGlobalSection
	GlobalSection(ProjectConfigurationPlatforms) = postSolution
		{AB41ACBF-B02C-4F25-884A-90EDE7052BA0}.Debug|Any CPU.ActiveCfg = Debug|Any CPU
		{AB41ACBF-B02C-4F25-884A-90EDE7052BA0}.Debug|Any CPU.Build.0 = Debug|Any CPU
		{AB41ACBF-B02C-4F25-884A-90EDE7052BA0}.Release|Any CPU.ActiveCfg = Release|Any CPU
		{AB41ACBF-B02C-4F25-884A-90EDE7052BA0}.Release|Any CPU.Build.0 = Release|Any CPU
		{7947D67A-A5E8-4BCF-A292-B90DCEE02346}.Debug|Any CPU.ActiveCfg = Debug|Any CPU
		{7947D67A-A5E8-4BCF-A292-B90DCEE02346}.Debug|Any CPU.Build.0 = Debug|Any CPU
		{7947D67A-A5E8-4BCF-A292-B90DCEE02346}.Release|Any CPU.ActiveCfg = Release|Any CPU
		{7947D67A-A5E8-4BCF-A292-B90DCEE02346}.Release|Any CPU.Build.0 = Release|Any CPU
		{C983877A-56E5-459D-BBF8-DF75C25BA2C1}.Debug|Any CPU.ActiveCfg = Debug|Any CPU
		{C983877A-56E5-459D-BBF8-DF75C25BA2C1}.Debug|Any CPU.Build.0 = Debug|Any CPU
		{C983877A-56E5-459D-BBF8-DF75C25BA2C1}.Release|Any CPU.ActiveCfg = Release|Any CPU
		{C983877A-56E5-459D-BBF8-DF75C25BA2C1}.Release|Any CPU.Build.0 = Release|Any CPU
		{D13BE3E4-EDC5-449F-8EB2-012B15555307}.Debug|Any CPU.ActiveCfg = Debug|Any CPU
		{D13BE3E4-EDC5-449F-8EB2-012B15555307}.Debug|Any CPU.Build.0 = Debug|Any CPU
		{D13BE3E4-EDC5-449F-8EB2-012B15555307}.Release|Any CPU.ActiveCfg = Release|Any CPU
		{D13BE3E4-EDC5-449F-8EB2-012B15555307}.Release|Any CPU.Build.0 = Release|Any CPU
		{F6F3AE11-AEB0-4718-A414-E4BDC2CE79B6}.Debug|Any CPU.ActiveCfg = Debug|Any CPU
		{F6F3AE11-AEB0-4718-A414-E4BDC2CE79B6}.Debug|Any CPU.Build.0 = Debug|Any CPU
		{F6F3AE11-AEB0-4718-A414-E4BDC2CE79B6}.Release|Any CPU.ActiveCfg = Release|Any CPU
		{F6F3AE11-AEB0-4718-A414-E4BDC2CE79B6}.Release|Any CPU.Build.0 = Release|Any CPU
	EndGlobalSection
	GlobalSection(NestedProjects) = preSolution
		{AB41ACBF-B02C-4F25-884A-90EDE7052BA0} = {378B6633-003C-4424-B0A8-680C3A579CF0}
		{7947D67A-A5E8-4BCF-A292-B90DCEE02346} = {378B6633-003C-4424-B0A8-680C3A579CF0}
		{C983877A-56E5-459D-BBF8-DF75C25BA2C1} = {84BCB816-4480-4B6B-99ED-B28E5B40DB97}
		{D13BE3E4-EDC5-449F-8EB2-012B15555307} = {84BCB816-4480-4B6B-99ED-B28E5B40DB97}
		{F6F3AE11-AEB0-4718-A414-E4BDC2CE79B6} = {378B6633-003C-4424-B0A8-680C3A579CF0}
	EndGlobalSection
EndGlobal
